
Microsoft Visual Studio Solution File, Format Version 12.00
# Visual Studio 14
VisualStudioVersion = 14.0.24720.0
MinimumVisualStudioVersion = 10.0.40219.1
Project("{FAE04EC0-301F-11D3-BF4B-00C04F79EFBC}") = "RedisLockSplitBrainConditionTest", "RedisLockSplitBrainConditionTest\RedisLockSplitBrainConditionTest.csproj", "{945AE00E-55F6-477D-8D35-B50855A83F1C}"
EndProject
Project("{FAE04EC0-301F-11D3-BF4B-00C04F79EFBC}") = "RedLock", "RedLock.net\RedLock\RedLock.csproj", "{C76CF80D-15B7-440B-9AFB-5B450E1C969B}"
EndProject
Global
	GlobalSection(SolutionConfigurationPlatforms) = preSolution
		Debug|Any CPU = Debug|Any CPU
		Release|Any CPU = Release|Any CPU
	EndGlobalSection
	GlobalSection(ProjectConfigurationPlatforms) = postSolution
		{945AE00E-55F6-477D-8D35-B50855A83F1C}.Debug|Any CPU.ActiveCfg = Debug|Any CPU
		{945AE00E-55F6-477D-8D35-B50855A83F1C}.Debug|Any CPU.Build.0 = Debug|Any CPU
		{945AE00E-55F6-477D-8D35-B50855A83F1C}.Release|Any CPU.ActiveCfg = Release|Any CPU
		{945AE00E-55F6-477D-8D35-B50855A83F1C}.Release|Any CPU.Build.0 = Release|Any CPU
		{C76CF80D-15B7-440B-9AFB-5B450E1C969B}.Debug|Any CPU.ActiveCfg = Debug|Any CPU
		{C76CF80D-15B7-440B-9AFB-5B450E1C969B}.Debug|Any CPU.Build.0 = Debug|Any CPU
		{C76CF80D-15B7-440B-9AFB-5B450E1C969B}.Release|Any CPU.ActiveCfg = Release|Any CPU
		{C76CF80D-15B7-440B-9AFB-5B450E1C969B}.Release|Any CPU.Build.0 = Release|Any CPU
	EndGlobalSection
	GlobalSection(SolutionProperties) = preSolution
		HideSolutionNode = FALSE
	EndGlobalSection
EndGlobal
